{
  "version": "2",
  "remote": {
    "https://deno.land/std@0.178.0/async/abortable.ts": "73acfb3ed7261ce0d930dbe89e43db8d34e017b063cf0eaa7d215477bf53442e",
    "https://deno.land/std@0.178.0/async/deadline.ts": "c5facb0b404eede83e38bd2717ea8ab34faa2ffb20ef87fd261fcba32ba307aa",
    "https://deno.land/std@0.178.0/async/debounce.ts": "adab11d04ca38d699444ac8a9d9856b4155e8dda2afd07ce78276c01ea5a4332",
    "https://deno.land/std@0.178.0/async/deferred.ts": "42790112f36a75a57db4a96d33974a936deb7b04d25c6084a9fa8a49f135def8",
    "https://deno.land/std@0.178.0/async/delay.ts": "73aa04cec034c84fc748c7be49bb15cac3dd43a57174bfdb7a4aec22c248f0dd",
    "https://deno.land/std@0.178.0/async/mod.ts": "f04344fa21738e5ad6bea37a6bfffd57c617c2d372bb9f9dcfd118a1b622e576",
    "https://deno.land/std@0.178.0/async/mux_async_iterator.ts": "70c7f2ee4e9466161350473ad61cac0b9f115cff4c552eaa7ef9d50c4cbb4cc9",
    "https://deno.land/std@0.178.0/async/pool.ts": "fd082bd4aaf26445909889435a5c74334c017847842ec035739b4ae637ae8260",
    "https://deno.land/std@0.178.0/async/retry.ts": "5efa3ba450ac0c07a40a82e2df296287b5013755d232049efd7ea2244f15b20f",
    "https://deno.land/std@0.178.0/async/tee.ts": "47e42d35f622650b02234d43803d0383a89eb4387e1b83b5a40106d18ae36757",
    "https://deno.land/std@0.178.0/http/server.ts": "cbb17b594651215ba95c01a395700684e569c165a567e4e04bba327f41197433",
    "https://esm.sh/v108/*@trpc/client@10.13.2": "f8848926fe3d81fd24d2c74a2738bf57eb546bd7233f6050bff94fa6d9998ba3",
    "https://esm.sh/v108/@trpc/client@10.13.2/X-ZS8q/deno/client.js": "40319912554023618bedb508bc82acb9d181439d48f6495bf317d99ab738febc",
    "https://esm.sh/v108/@trpc/client@10.13.2/X-ZS8q/dist/TRPCClientError.d.ts": "7ba39bb8e76d046c98146ca6824762230b8d4bdb5dfd4ced239ddf94c6a57d73",
    "https://esm.sh/v108/@trpc/client@10.13.2/X-ZS8q/dist/createTRPCClient.d.ts": "141ea852690bf083c1be9586510fedfabbcd408808cbf30183a694a4f55aa5df",
    "https://esm.sh/v108/@trpc/client@10.13.2/X-ZS8q/dist/createTRPCClientProxy.d.ts": "8ed7e6bbe54f279a5ed2b80d3dff9b3de4288cb819f270bcbf60ab68227ead61",
    "https://esm.sh/v108/@trpc/client@10.13.2/X-ZS8q/dist/createTRPCUntypedClient.d.ts": "4146c0324c8b2506a18b42305a438211ef511e7651bd26a9f1e963dc6d9c6617",
    "https://esm.sh/v108/@trpc/client@10.13.2/X-ZS8q/dist/getFetch.d.ts": "d793dba57782d92806656aab2c6f32c9fc240755e4733c65ff7f4117b1dfcc8f",
    "https://esm.sh/v108/@trpc/client@10.13.2/X-ZS8q/dist/index.d.ts": "d6b54ee4bface939b2e5dbd4e2b44e58c62a3f4227ceac2eb3f2580ed1bdd0a8",
    "https://esm.sh/v108/@trpc/client@10.13.2/X-ZS8q/dist/internals/TRPCUntypedClient.d.ts": "1b732acdbbdd4ddfae3292b4be590fb23ebca84944f10e60809bc7ddeba326b6",
    "https://esm.sh/v108/@trpc/client@10.13.2/X-ZS8q/dist/internals/retryDelay.d.ts": "1f7e44465954235bd16cdde797edb5f2f82094c515fc6b1e0929e0a1595ce519",
    "https://esm.sh/v108/@trpc/client@10.13.2/X-ZS8q/dist/internals/types.d.ts": "dbe07c29ab26a302e2ba1035dd7bcf63896d6ec2d38fb134ef48ef8cd8503121",
    "https://esm.sh/v108/@trpc/client@10.13.2/X-ZS8q/dist/links/httpBatchLink.d.ts": "a3c221a71867f2531a648e1f3d8d6f33f20919195060d3086d281d75bc00e0a5",
    "https://esm.sh/v108/@trpc/client@10.13.2/X-ZS8q/dist/links/httpLink.d.ts": "fb3bfcc0c3fa72a225661f3a4a19304197c2ee4682ff5e0dc95ea0c97e31dae2",
    "https://esm.sh/v108/@trpc/client@10.13.2/X-ZS8q/dist/links/index.d.ts": "fe06964d55d8fb0864eeeffaed2ed1f50b87cac7b4af72afe365e43f429c0d66",
    "https://esm.sh/v108/@trpc/client@10.13.2/X-ZS8q/dist/links/internals/httpUtils.d.ts": "13164893e2ea1c1ebc6a234657e44198cfde81d99ba5472f18edda6f0bb1f35d",
    "https://esm.sh/v108/@trpc/client@10.13.2/X-ZS8q/dist/links/loggerLink.d.ts": "6d2f0f9f857962b0d5738bd010b18f0ca57ce7f16d517307d1b2fe01d69c7dde",
    "https://esm.sh/v108/@trpc/client@10.13.2/X-ZS8q/dist/links/splitLink.d.ts": "4e0218e27e174a2c8a76633dcad5d76f77aec84da1e0a273bde3d504c59fa4c2",
    "https://esm.sh/v108/@trpc/client@10.13.2/X-ZS8q/dist/links/types.d.ts": "15c05a640f7c9bb9d84630b7ae143a063a6ebb4a3e1eedb9d9a898fb6d15f6ed",
    "https://esm.sh/v108/@trpc/client@10.13.2/X-ZS8q/dist/links/wsLink.d.ts": "b32cc053c256db9a04727d5f8d0cdef3596cf98e2ed791cc44b465b602a11cc1",
    "https://esm.sh/v108/@trpc/server@10.13.2": "4ab6c03d4070a276ceac8e2a329639d8ef0833e013c7f704508c8f6f493290cc",
    "https://esm.sh/v108/@trpc/server@10.13.2/adapters/fetch": "b945c276c8694cf3f01fb7c2dcf1fc7051eeff46e24a74d290094839c746e145",
    "https://esm.sh/v108/@trpc/server@10.13.2/adapters/fetch/index.d.ts": "f5f28ef4d47bb0f729515d55176df9755827dab54f80e8d7b48920c27a9c82f0",
    "https://esm.sh/v108/@trpc/server@10.13.2/deno/adapters/fetch.js": "f71d3f7fa244531c0293d930d0218117703c08e05ed488c6d97c69e2c908ac26",
    "https://esm.sh/v108/@trpc/server@10.13.2/deno/observable.js": "7d6acd898e792428078ab8ba13416d4456f0c0d6ac42ea4dc044d699f1c78a71",
    "https://esm.sh/v108/@trpc/server@10.13.2/deno/rpc.js": "1d1b18fb792ebe6c0840cf8d29bfbceb273b60171d26f896ace3dd7b7ffbd0cf",
    "https://esm.sh/v108/@trpc/server@10.13.2/deno/server.js": "d75a95720c72193a73b4b5862214c0654fa82d787dd7fb891cdbadc4e797b0d2",
    "https://esm.sh/v108/@trpc/server@10.13.2/deno/shared.js": "c5f99362a3e96c3b7d3325044f64d2091d0ff026cfaf0f9762ed81858c3b7a91",
    "https://esm.sh/v108/@trpc/server@10.13.2/dist/adapters/fetch/fetchRequestHandler.d.ts": "0eedb8995060c26374738f0a1581ccd2b509de84b1b3e817f217cdfffdd7e9ea",
    "https://esm.sh/v108/@trpc/server@10.13.2/dist/adapters/fetch/index.d.ts": "89e7872c511015ec0c23d85763e43b8720371846729dde1d1dc744aa5730753c",
    "https://esm.sh/v108/@trpc/server@10.13.2/dist/adapters/fetch/types.d.ts": "e8155b57101fca8d0acb5c94ce20b27304a5c72699423b4fc3b0798e93d9a993",
    "https://esm.sh/v108/@trpc/server@10.13.2/dist/core/index.d.ts": "0a1701cedc6f4703141322108c3d441ee93c3e0116e99b819e42840d413d2926",
    "https://esm.sh/v108/@trpc/server@10.13.2/dist/core/initTRPC.d.ts": "f4532e9f3c18f9d1ce5cadcba9811543d8999b872949d661c923748502dbde0c",
    "https://esm.sh/v108/@trpc/server@10.13.2/dist/core/internals/config.d.ts": "aa38c0fbbd1f369b693aff6b74e7a3d47a586966d75aad8950c9b277f2a5c0ef",
    "https://esm.sh/v108/@trpc/server@10.13.2/dist/core/internals/getParseFn.d.ts": "53ca637d0e80e3d61a689acba937254d9cc0ceba4b3920308fb9b0d8a24792b6",
    "https://esm.sh/v108/@trpc/server@10.13.2/dist/core/internals/mergeRouters.d.ts": "a0131c7c00f6e2295c1a775ee83aa944ccf9b303fd6f20bbc40f1ff80d967d56",
    "https://esm.sh/v108/@trpc/server@10.13.2/dist/core/internals/procedureBuilder.d.ts": "5042ea59f6bc39a3ee87f490ff9a2bef0cfd537294a5694fdc477e3c05e64863",
    "https://esm.sh/v108/@trpc/server@10.13.2/dist/core/internals/utils.d.ts": "9cc8d8edb22568d8910ea08bfe00a44d616588f2495f555c7c550dae386626f1",
    "https://esm.sh/v108/@trpc/server@10.13.2/dist/core/middleware.d.ts": "9ef36657d4a143594a29b35a7a4d9ceb44772fff9311b95459e0bdfe45a2d268",
    "https://esm.sh/v108/@trpc/server@10.13.2/dist/core/parser.d.ts": "3841c5cc50106a20963aac3d649a0babddf841f90c7afc6aa569305512e4b628",
    "https://esm.sh/v108/@trpc/server@10.13.2/dist/core/procedure.d.ts": "4409ee39624567b2417acf6e165a367258cd6ac1c8d1d4906c33bbd6e0e172a4",
    "https://esm.sh/v108/@trpc/server@10.13.2/dist/core/router.d.ts": "ccfc4aa5255a394690ba2a1f7c1ab5582582319bea5e3e7f53d9baeae297b95b",
    "https://esm.sh/v108/@trpc/server@10.13.2/dist/core/types.d.ts": "a5637ba37f00f69155ae2c28e6c8e35adb18b21d44674537f08ad122c245d939",
    "https://esm.sh/v108/@trpc/server@10.13.2/dist/deprecated/internals/middlewares.d.ts": "7039a28bd16d4d6bd715394ee19ce789a82777bc11dbcceef5634f9afa622316",
    "https://esm.sh/v108/@trpc/server@10.13.2/dist/deprecated/internals/procedure.d.ts": "865405ebbff4d547776c4e49137d14efdd51fa6a40eb6f7fa50183a89b43a78d",
    "https://esm.sh/v108/@trpc/server@10.13.2/dist/deprecated/interop.d.ts": "ebdd68fac066499445e75d4aadc14f4e86f0fc4f5751594d8ac2ca5e3e7a51d2",
    "https://esm.sh/v108/@trpc/server@10.13.2/dist/deprecated/router.d.ts": "38d39d06b533fd349e89318d61aeaeed2b7b4dee2598378a2b2f52d9b2d18601",
    "https://esm.sh/v108/@trpc/server@10.13.2/dist/error/TRPCError.d.ts": "7f3765d0aea59a4f3d80eeec6b82dab595d06fa639ccd8a15a25c5988d807c30",
    "https://esm.sh/v108/@trpc/server@10.13.2/dist/error/formatter.d.ts": "6be4e1ae8727726a6adb04f83faac7fe45c2e816f06716ed62571c738ecba059",
    "https://esm.sh/v108/@trpc/server@10.13.2/dist/http/internals/types.d.ts": "1c7d9f0d73aefb6dbed9711f25241e5cd95be22dfb6b6c40a33d4c2f11bf18b7",
    "https://esm.sh/v108/@trpc/server@10.13.2/dist/http/types.d.ts": "eb081ced2683df7461a3ffc659627087bc97f627c1ec79fbb7813cae259ef242",
    "https://esm.sh/v108/@trpc/server@10.13.2/dist/index.d.ts": "b78f1c4514b5330dcce251d29b8c1680785dfa2957549299d3176ca9ed2f0ab8",
    "https://esm.sh/v108/@trpc/server@10.13.2/dist/internals.d.ts": "8edbb577fe9f64135a82d271119830ca0a9babed521e3f2b7be6c08a526c44b7",
    "https://esm.sh/v108/@trpc/server@10.13.2/dist/internals/types.d.ts": "68a8dba3e87039f49ea4513ce140a7eb2bdb714aad948f1f5566269608506a52",
    "https://esm.sh/v108/@trpc/server@10.13.2/dist/observable/index.d.ts": "d40ba4a1bcfbaeba08d588b9777cd952b07e831c13c4f0a158d951cc68a68733",
    "https://esm.sh/v108/@trpc/server@10.13.2/dist/observable/internals/observableToPromise.d.ts": "2d2f53a1fd1d61997dd118cdace415dd53c4777e05b2240b12dc25b32ec862b3",
    "https://esm.sh/v108/@trpc/server@10.13.2/dist/observable/observable.d.ts": "1014e3159cc4c4e479ef8632e1a4ae98f9c116f65a76bcf82d07cab712fa27d5",
    "https://esm.sh/v108/@trpc/server@10.13.2/dist/observable/operators/index.d.ts": "061ce43fbfe43267dd92ab56e1582b3af539b627552c5546c603e4062499cd0e",
    "https://esm.sh/v108/@trpc/server@10.13.2/dist/observable/operators/map.d.ts": "da7263b2dd3ef50f79cadb0bb42ed15956de0ebfa22a15d30b992a54424c9dca",
    "https://esm.sh/v108/@trpc/server@10.13.2/dist/observable/operators/share.d.ts": "4634dc2cdb163a0de7aee90d707a3a1a1ec05b1f389ec4b241ac5667278cca0a",
    "https://esm.sh/v108/@trpc/server@10.13.2/dist/observable/operators/tap.d.ts": "dbce0a6932b91189ecc22fae1ec949ef6b8b0ec941f653a57a97df88f2526252",
    "https://esm.sh/v108/@trpc/server@10.13.2/dist/observable/types.d.ts": "6f3753e4a333a44f1ed37da1fa322ba6888b3c62caff7f12e034361324f0ad93",
    "https://esm.sh/v108/@trpc/server@10.13.2/dist/rpc/codes.d.ts": "50aa0da0cbbc2f27ef14ac871ba235935c45ed877f6ce37f3bc93a89906aead7",
    "https://esm.sh/v108/@trpc/server@10.13.2/dist/rpc/envelopes.d.ts": "220ff49574de907f43f2f7d41773df6ef5b8aa2ef31f23957e5a09c1aa047cce",
    "https://esm.sh/v108/@trpc/server@10.13.2/dist/rpc/index.d.ts": "3555d411c6612c595ff1abea398ed8807caa9f7e484298018fdd9b1cbae24a43",
    "https://esm.sh/v108/@trpc/server@10.13.2/dist/shared/createProxy/index.d.ts": "58483d87e4b66f60b34faa967c4458cc2ad3865d25b8878b1b6b3aa3b75a47bb",
    "https://esm.sh/v108/@trpc/server@10.13.2/dist/shared/index.d.ts": "218d29fe4ac71e59ca2ede3a8e7d949176829fecc4d988ef2e151d93cc571a01",
    "https://esm.sh/v108/@trpc/server@10.13.2/dist/shared/internal/serialize.d.ts": "2353c3df0f92fe4b116ca17fc55069da54f266c3593de2fd61c61abc5e9e8fc0",
    "https://esm.sh/v108/@trpc/server@10.13.2/dist/shared/jsonify.d.ts": "eb107f58819adef130e4e0a5854c6dfeef161c050e2ae757894cc5227024b9e4",
    "https://esm.sh/v108/@trpc/server@10.13.2/dist/transformer.d.ts": "f4f61e13f6a751ba707f14ca0f2b25e0ff26abe4429ff3fae8dbd0bb77bbe1dd",
    "https://esm.sh/v108/@trpc/server@10.13.2/dist/types.d.ts": "f52940cf925d8ddfb85946318f289441e25dd3a58376a163c9c6ece2498693ca",
    "https://esm.sh/v108/@trpc/server@10.13.2/observable": "fbc568e77845115b21ebed8f38a4c187dd219f1f9e25be275a4504ac9aecb537",
    "https://esm.sh/v108/@trpc/server@10.13.2/observable/index.d.ts": "45a2efc76632a78e053a28aa50c52fbfc9eca29f6cb42bd9d349e22ce7a8ea93",
    "https://esm.sh/v108/@trpc/server@10.13.2/rpc": "9295311e317596f16b92dd31fbc7a89a6fe9a1319a79d4a9d99e4eebb8555e14",
    "https://esm.sh/v108/@trpc/server@10.13.2/rpc/index.d.ts": "a77c9d5e2faef257c07739aad312f4214dd63ec14f275489dd389429e1ad8fd1",
    "https://esm.sh/v108/@trpc/server@10.13.2/shared": "335461a95d1917ff504bb063e47d278172067646ed416c92da7bb0fa29dd43f2",
    "https://esm.sh/v108/@trpc/server@10.13.2/shared/index.d.ts": "af5c2492390974a552d9a6a43af91ac3c0267fe3354dc8cf24c0d7d35642a679"
  }
}
